// !$*UTF8*$!
{
	archiveVersion = 1;
	classes = {
	};
	objectVersion = 48;
	objects = {

/* Begin PBXBuildFile section */
		0B25FAD12174963100258026 /* CCThemeManagerDemoTests.swift in Sources */ = {isa = PBXBuildFile; fileRef = 0B800F1421748AB400B01CF9 /* CCThemeManagerDemoTests.swift */; };
		0B25FAD22174963700258026 /* CCThemeManagerDemoUITests.swift in Sources */ = {isa = PBXBuildFile; fileRef = 0B800F2121748AB400B01CF9 /* CCThemeManagerDemoUITests.swift */; };
		0B800F2521748AB400B01CF9 /* ViewController.swift in Sources */ = {isa = PBXBuildFile; fileRef = 0B800F1721748AB400B01CF9 /* ViewController.swift */; };
		0B800F2621748AB400B01CF9 /* Assets.xcassets in Resources */ = {isa = PBXBuildFile; fileRef = 0B800F1821748AB400B01CF9 /* Assets.xcassets */; };
		0B800F2721748AB400B01CF9 /* SBK.default.json in Resources */ = {isa = PBXBuildFile; fileRef = 0B800F1921748AB400B01CF9 /* SBK.default.json */; };
		0B800F2821748AB400B01CF9 /* LaunchScreen.storyboard in Resources */ = {isa = PBXBuildFile; fileRef = 0B800F1A21748AB400B01CF9 /* LaunchScreen.storyboard */; };
		0B800F2921748AB400B01CF9 /* Main.storyboard in Resources */ = {isa = PBXBuildFile; fileRef = 0B800F1C21748AB400B01CF9 /* Main.storyboard */; };
		0B800F2A21748AB400B01CF9 /* AppDelegate.swift in Sources */ = {isa = PBXBuildFile; fileRef = 0B800F1E21748AB400B01CF9 /* AppDelegate.swift */; };
		0FA044EC19CB2C34D3849381 /* Pods_CCThemeManagerDemo.framework in Frameworks */ = {isa = PBXBuildFile; fileRef = EA80750CA232C7BF8E47CDD6 /* Pods_CCThemeManagerDemo.framework */; };
/* End PBXBuildFile section */

/* Begin PBXContainerItemProxy section */
		0BCE90DE2096F94D00205B1D /* PBXContainerItemProxy */ = {
			isa = PBXContainerItemProxy;
			containerPortal = 0BCE90C12096F94C00205B1D /* Project object */;
			proxyType = 1;
			remoteGlobalIDString = 0BCE90C82096F94C00205B1D;
			remoteInfo = SAPThemeManagerDemo;
		};
		0BCE90E92096F94D00205B1D /* PBXContainerItemProxy */ = {
			isa = PBXContainerItemProxy;
			containerPortal = 0BCE90C12096F94C00205B1D /* Project object */;
			proxyType = 1;
			remoteGlobalIDString = 0BCE90C82096F94C00205B1D;
			remoteInfo = SAPThemeManagerDemo;
		};
/* End PBXContainerItemProxy section */

/* Begin PBXFileReference section */
		0B800F1421748AB400B01CF9 /* CCThemeManagerDemoTests.swift */ = {isa = PBXFileReference; fileEncoding = 4; lastKnownFileType = sourcecode.swift; path = CCThemeManagerDemoTests.swift; sourceTree = "<group>"; };
		0B800F1521748AB400B01CF9 /* Info.plist */ = {isa = PBXFileReference; fileEncoding = 4; lastKnownFileType = text.plist.xml; path = Info.plist; sourceTree = "<group>"; };
		0B800F1721748AB400B01CF9 /* ViewController.swift */ = {isa = PBXFileReference; fileEncoding = 4; lastKnownFileType = sourcecode.swift; path = ViewController.swift; sourceTree = "<group>"; };
		0B800F1821748AB400B01CF9 /* Assets.xcassets */ = {isa = PBXFileReference; lastKnownFileType = folder.assetcatalog; path = Assets.xcassets; sourceTree = "<group>"; };
		0B800F1921748AB400B01CF9 /* SBK.default.json */ = {isa = PBXFileReference; fileEncoding = 4; lastKnownFileType = text.json; path = SBK.default.json; sourceTree = "<group>"; };
		0B800F1B21748AB400B01CF9 /* Base */ = {isa = PBXFileReference; lastKnownFileType = file.storyboard; name = Base; path = Base.lproj/LaunchScreen.storyboard; sourceTree = "<group>"; };
		0B800F1D21748AB400B01CF9 /* Base */ = {isa = PBXFileReference; lastKnownFileType = file.storyboard; name = Base; path = Base.lproj/Main.storyboard; sourceTree = "<group>"; };
		0B800F1E21748AB400B01CF9 /* AppDelegate.swift */ = {isa = PBXFileReference; fileEncoding = 4; lastKnownFileType = sourcecode.swift; path = AppDelegate.swift; sourceTree = "<group>"; };
		0B800F1F21748AB400B01CF9 /* Info.plist */ = {isa = PBXFileReference; fileEncoding = 4; lastKnownFileType = text.plist.xml; path = Info.plist; sourceTree = "<group>"; };
		0B800F2121748AB400B01CF9 /* CCThemeManagerDemoUITests.swift */ = {isa = PBXFileReference; fileEncoding = 4; lastKnownFileType = sourcecode.swift; path = CCThemeManagerDemoUITests.swift; sourceTree = "<group>"; };
		0B800F2221748AB400B01CF9 /* Info.plist */ = {isa = PBXFileReference; fileEncoding = 4; lastKnownFileType = text.plist.xml; path = Info.plist; sourceTree = "<group>"; };
		0BCE90C92096F94C00205B1D /* CCThemeManagerDemo.app */ = {isa = PBXFileReference; explicitFileType = wrapper.application; includeInIndex = 0; path = CCThemeManagerDemo.app; sourceTree = BUILT_PRODUCTS_DIR; };
		0BCE90DD2096F94D00205B1D /* CCThemeManagerDemoTests.xctest */ = {isa = PBXFileReference; explicitFileType = wrapper.cfbundle; includeInIndex = 0; path = CCThemeManagerDemoTests.xctest; sourceTree = BUILT_PRODUCTS_DIR; };
		0BCE90E82096F94D00205B1D /* CCThemeManagerDemoUITests.xctest */ = {isa = PBXFileReference; explicitFileType = wrapper.cfbundle; includeInIndex = 0; path = CCThemeManagerDemoUITests.xctest; sourceTree = BUILT_PRODUCTS_DIR; };
		27EAC17125D43F0C44494124 /* Pods-SAPThemeManagerDemo.release.xcconfig */ = {isa = PBXFileReference; includeInIndex = 1; lastKnownFileType = text.xcconfig; name = "Pods-SAPThemeManagerDemo.release.xcconfig"; path = "Pods/Target Support Files/Pods-SAPThemeManagerDemo/Pods-SAPThemeManagerDemo.release.xcconfig"; sourceTree = "<group>"; };
		4B495C80EFCB9714962A54E1 /* Pods-CCThemeManagerDemo.release.xcconfig */ = {isa = PBXFileReference; includeInIndex = 1; lastKnownFileType = text.xcconfig; name = "Pods-CCThemeManagerDemo.release.xcconfig"; path = "Pods/Target Support Files/Pods-CCThemeManagerDemo/Pods-CCThemeManagerDemo.release.xcconfig"; sourceTree = "<group>"; };
		5B4B66DA3B6DB1CE6635401E /* Pods-SAPThemeManagerDemo.debug.xcconfig */ = {isa = PBXFileReference; includeInIndex = 1; lastKnownFileType = text.xcconfig; name = "Pods-SAPThemeManagerDemo.debug.xcconfig"; path = "Pods/Target Support Files/Pods-SAPThemeManagerDemo/Pods-SAPThemeManagerDemo.debug.xcconfig"; sourceTree = "<group>"; };
		A63F611298434038D4BB8812 /* Pods-CCThemeManagerDemo.debug.xcconfig */ = {isa = PBXFileReference; includeInIndex = 1; lastKnownFileType = text.xcconfig; name = "Pods-CCThemeManagerDemo.debug.xcconfig"; path = "Pods/Target Support Files/Pods-CCThemeManagerDemo/Pods-CCThemeManagerDemo.debug.xcconfig"; sourceTree = "<group>"; };
		BC66E0A1FFD82389C7C688D4 /* Pods_SAPThemeManagerDemo.framework */ = {isa = PBXFileReference; explicitFileType = wrapper.framework; includeInIndex = 0; path = Pods_SAPThemeManagerDemo.framework; sourceTree = BUILT_PRODUCTS_DIR; };
		EA80750CA232C7BF8E47CDD6 /* Pods_CCThemeManagerDemo.framework */ = {isa = PBXFileReference; explicitFileType = wrapper.framework; includeInIndex = 0; path = Pods_CCThemeManagerDemo.framework; sourceTree = BUILT_PRODUCTS_DIR; };
/* End PBXFileReference section */

/* Begin PBXFrameworksBuildPhase section */
		0BCE90C62096F94C00205B1D /* Frameworks */ = {
			isa = PBXFrameworksBuildPhase;
			buildActionMask = 2147483647;
			files = (
				0FA044EC19CB2C34D3849381 /* Pods_CCThemeManagerDemo.framework in Frameworks */,
			);
			runOnlyForDeploymentPostprocessing = 0;
		};
		0BCE90DA2096F94D00205B1D /* Frameworks */ = {
			isa = PBXFrameworksBuildPhase;
			buildActionMask = 2147483647;
			files = (
			);
			runOnlyForDeploymentPostprocessing = 0;
		};
		0BCE90E52096F94D00205B1D /* Frameworks */ = {
			isa = PBXFrameworksBuildPhase;
			buildActionMask = 2147483647;
			files = (
			);
			runOnlyForDeploymentPostprocessing = 0;
		};
/* End PBXFrameworksBuildPhase section */

/* Begin PBXGroup section */
		0B800F1321748AB400B01CF9 /* CCThemeManagerDemoTests */ = {
			isa = PBXGroup;
			children = (
				0B800F1421748AB400B01CF9 /* CCThemeManagerDemoTests.swift */,
				0B800F1521748AB400B01CF9 /* Info.plist */,
			);
			path = CCThemeManagerDemoTests;
			sourceTree = "<group>";
		};
		0B800F1621748AB400B01CF9 /* CCThemeManagerDemo */ = {
			isa = PBXGroup;
			children = (
				0B800F1721748AB400B01CF9 /* ViewController.swift */,
				0B800F1821748AB400B01CF9 /* Assets.xcassets */,
				0B800F1921748AB400B01CF9 /* SBK.default.json */,
				0B800F1A21748AB400B01CF9 /* LaunchScreen.storyboard */,
				0B800F1C21748AB400B01CF9 /* Main.storyboard */,
				0B800F1E21748AB400B01CF9 /* AppDelegate.swift */,
				0B800F1F21748AB400B01CF9 /* Info.plist */,
			);
			path = CCThemeManagerDemo;
			sourceTree = "<group>";
		};
		0B800F2021748AB400B01CF9 /* CCThemeManagerDemoUITests */ = {
			isa = PBXGroup;
			children = (
				0B800F2121748AB400B01CF9 /* CCThemeManagerDemoUITests.swift */,
				0B800F2221748AB400B01CF9 /* Info.plist */,
			);
			path = CCThemeManagerDemoUITests;
			sourceTree = "<group>";
		};
		0BCE90C02096F94C00205B1D = {
			isa = PBXGroup;
			children = (
				0B800F1621748AB400B01CF9 /* CCThemeManagerDemo */,
				0B800F1321748AB400B01CF9 /* CCThemeManagerDemoTests */,
				0B800F2021748AB400B01CF9 /* CCThemeManagerDemoUITests */,
				0BCE90CA2096F94C00205B1D /* Products */,
				95977D5C2278EC2CE549E972 /* Pods */,
				DBF9974A3D3025A0F299D2AD /* Frameworks */,
			);
			sourceTree = "<group>";
		};
		0BCE90CA2096F94C00205B1D /* Products */ = {
			isa = PBXGroup;
			children = (
				0BCE90C92096F94C00205B1D /* CCThemeManagerDemo.app */,
				0BCE90DD2096F94D00205B1D /* CCThemeManagerDemoTests.xctest */,
				0BCE90E82096F94D00205B1D /* CCThemeManagerDemoUITests.xctest */,
			);
			name = Products;
			sourceTree = "<group>";
		};
		95977D5C2278EC2CE549E972 /* Pods */ = {
			isa = PBXGroup;
			children = (
				5B4B66DA3B6DB1CE6635401E /* Pods-SAPThemeManagerDemo.debug.xcconfig */,
				27EAC17125D43F0C44494124 /* Pods-SAPThemeManagerDemo.release.xcconfig */,
				A63F611298434038D4BB8812 /* Pods-CCThemeManagerDemo.debug.xcconfig */,
				4B495C80EFCB9714962A54E1 /* Pods-CCThemeManagerDemo.release.xcconfig */,
			);
			name = Pods;
			sourceTree = "<group>";
		};
		DBF9974A3D3025A0F299D2AD /* Frameworks */ = {
			isa = PBXGroup;
			children = (
				BC66E0A1FFD82389C7C688D4 /* Pods_SAPThemeManagerDemo.framework */,
				EA80750CA232C7BF8E47CDD6 /* Pods_CCThemeManagerDemo.framework */,
			);
			name = Frameworks;
			sourceTree = "<group>";
		};
/* End PBXGroup section */

/* Begin PBXNativeTarget section */
		0BCE90C82096F94C00205B1D /* CCThemeManagerDemo */ = {
			isa = PBXNativeTarget;
			buildConfigurationList = 0BCE90F12096F94D00205B1D /* Build configuration list for PBXNativeTarget "CCThemeManagerDemo" */;
			buildPhases = (
				D17B9FE812EF2EEF7742350B /* [CP] Check Pods Manifest.lock */,
				0BCE90C52096F94C00205B1D /* Sources */,
				0BCE90C62096F94C00205B1D /* Frameworks */,
				0BCE90C72096F94C00205B1D /* Resources */,
				A5DDDAD8022F075914F321A9 /* [CP] Embed Pods Frameworks */,
			);
			buildRules = (
			);
			dependencies = (
			);
			name = CCThemeManagerDemo;
			productName = SAPThemeManagerDemo;
			productReference = 0BCE90C92096F94C00205B1D /* CCThemeManagerDemo.app */;
			productType = "com.apple.product-type.application";
		};
		0BCE90DC2096F94D00205B1D /* CCThemeManagerDemoTests */ = {
			isa = PBXNativeTarget;
			buildConfigurationList = 0BCE90F42096F94D00205B1D /* Build configuration list for PBXNativeTarget "CCThemeManagerDemoTests" */;
			buildPhases = (
				0BCE90D92096F94D00205B1D /* Sources */,
				0BCE90DA2096F94D00205B1D /* Frameworks */,
				0BCE90DB2096F94D00205B1D /* Resources */,
			);
			buildRules = (
			);
			dependencies = (
				0BCE90DF2096F94D00205B1D /* PBXTargetDependency */,
			);
			name = CCThemeManagerDemoTests;
			productName = SAPThemeManagerDemoTests;
			productReference = 0BCE90DD2096F94D00205B1D /* CCThemeManagerDemoTests.xctest */;
			productType = "com.apple.product-type.bundle.unit-test";
		};
		0BCE90E72096F94D00205B1D /* CCThemeManagerDemoUITests */ = {
			isa = PBXNativeTarget;
			buildConfigurationList = 0BCE90F72096F94D00205B1D /* Build configuration list for PBXNativeTarget "CCThemeManagerDemoUITests" */;
			buildPhases = (
				0BCE90E42096F94D00205B1D /* Sources */,
				0BCE90E52096F94D00205B1D /* Frameworks */,
				0BCE90E62096F94D00205B1D /* Resources */,
			);
			buildRules = (
			);
			dependencies = (
				0BCE90EA2096F94D00205B1D /* PBXTargetDependency */,
			);
			name = CCThemeManagerDemoUITests;
			productName = SAPThemeManagerDemoUITests;
			productReference = 0BCE90E82096F94D00205B1D /* CCThemeManagerDemoUITests.xctest */;
			productType = "com.apple.product-type.bundle.ui-testing";
		};
/* End PBXNativeTarget section */

/* Begin PBXProject section */
		0BCE90C12096F94C00205B1D /* Project object */ = {
			isa = PBXProject;
			attributes = {
				LastSwiftUpdateCheck = 0930;
				LastUpgradeCheck = 0930;
				ORGANIZATIONNAME = CalvinChang;
				TargetAttributes = {
					0BCE90C82096F94C00205B1D = {
						CreatedOnToolsVersion = 9.3;
						LastSwiftMigration = 1000;
						ProvisioningStyle = Automatic;
					};
					0BCE90DC2096F94D00205B1D = {
						CreatedOnToolsVersion = 9.3;
						LastSwiftMigration = 1000;
						ProvisioningStyle = Automatic;
						TestTargetID = 0BCE90C82096F94C00205B1D;
					};
					0BCE90E72096F94D00205B1D = {
						CreatedOnToolsVersion = 9.3;
						LastSwiftMigration = 1000;
						ProvisioningStyle = Automatic;
						TestTargetID = 0BCE90C82096F94C00205B1D;
					};
				};
			};
			buildConfigurationList = 0BCE90C42096F94C00205B1D /* Build configuration list for PBXProject "CCThemeManagerDemo" */;
			compatibilityVersion = "Xcode 8.0";
			developmentRegion = en;
			hasScannedForEncodings = 0;
			knownRegions = (
				en,
				Base,
			);
			mainGroup = 0BCE90C02096F94C00205B1D;
			productRefGroup = 0BCE90CA2096F94C00205B1D /* Products */;
			projectDirPath = "";
			projectRoot = "";
			targets = (
				0BCE90C82096F94C00205B1D /* CCThemeManagerDemo */,
				0BCE90DC2096F94D00205B1D /* CCThemeManagerDemoTests */,
				0BCE90E72096F94D00205B1D /* CCThemeManagerDemoUITests */,
			);
		};
/* End PBXProject section */

/* Begin PBXResourcesBuildPhase section */
		0BCE90C72096F94C00205B1D /* Resources */ = {
			isa = PBXResourcesBuildPhase;
			buildActionMask = 2147483647;
			files = (
				0B800F2821748AB400B01CF9 /* LaunchScreen.storyboard in Resources */,
				0B800F2721748AB400B01CF9 /* SBK.default.json in Resources */,
				0B800F2921748AB400B01CF9 /* Main.storyboard in Resources */,
				0B800F2621748AB400B01CF9 /* Assets.xcassets in Resources */,
			);
			runOnlyForDeploymentPostprocessing = 0;
		};
		0BCE90DB2096F94D00205B1D /* Resources */ = {
			isa = PBXResourcesBuildPhase;
			buildActionMask = 2147483647;
			files = (
			);
			runOnlyForDeploymentPostprocessing = 0;
		};
		0BCE90E62096F94D00205B1D /* Resources */ = {
			isa = PBXResourcesBuildPhase;
			buildActionMask = 2147483647;
			files = (
			);
			runOnlyForDeploymentPostprocessing = 0;
		};
/* End PBXResourcesBuildPhase section */

/* Begin PBXShellScriptBuildPhase section */
		A5DDDAD8022F075914F321A9 /* [CP] Embed Pods Frameworks */ = {
			isa = PBXShellScriptBuildPhase;
			buildActionMask = 2147483647;
			files = (
			);
			inputPaths = (
				"${SRCROOT}/Pods/Target Support Files/Pods-CCThemeManagerDemo/Pods-CCThemeManagerDemo-frameworks.sh",
				"${BUILT_PRODUCTS_DIR}/CCThemeManager/CCThemeManager.framework",
			);
			name = "[CP] Embed Pods Frameworks";
			outputPaths = (
				"${TARGET_BUILD_DIR}/${FRAMEWORKS_FOLDER_PATH}/CCThemeManager.framework",
			);
			runOnlyForDeploymentPostprocessing = 0;
			shellPath = /bin/sh;
			shellScript = "\"${SRCROOT}/Pods/Target Support Files/Pods-CCThemeManagerDemo/Pods-CCThemeManagerDemo-frameworks.sh\"\n";
			showEnvVarsInLog = 0;
		};
		D17B9FE812EF2EEF7742350B /* [CP] Check Pods Manifest.lock */ = {
			isa = PBXShellScriptBuildPhase;
			buildActionMask = 2147483647;
			files = (
			);
			inputPaths = (
				"${PODS_PODFILE_DIR_PATH}/Podfile.lock",
				"${PODS_ROOT}/Manifest.lock",
			);
			name = "[CP] Check Pods Manifest.lock";
			outputPaths = (
				"$(DERIVED_FILE_DIR)/Pods-CCThemeManagerDemo-checkManifestLockResult.txt",
			);
			runOnlyForDeploymentPostprocessing = 0;
			shellPath = /bin/sh;
			shellScript = "diff \"${PODS_PODFILE_DIR_PATH}/Podfile.lock\" \"${PODS_ROOT}/Manifest.lock\" > /dev/null\nif [ $? != 0 ] ; then\n    # print error to STDERR\n    echo \"error: The sandbox is not in sync with the Podfile.lock. Run 'pod install' or update your CocoaPods installation.\" >&2\n    exit 1\nfi\n# This output is used by Xcode 'outputs' to avoid re-running this script phase.\necho \"SUCCESS\" > \"${SCRIPT_OUTPUT_FILE_0}\"\n";
			showEnvVarsInLog = 0;
		};
/* End PBXShellScriptBuildPhase section */

/* Begin PBXSourcesBuildPhase section */
		0BCE90C52096F94C00205B1D /* Sources */ = {
			isa = PBXSourcesBuildPhase;
			buildActionMask = 2147483647;
			files = (
				0B800F2521748AB400B01CF9 /* ViewController.swift in Sources */,
				0B800F2A21748AB400B01CF9 /* AppDelegate.swift in Sources */,
			);
			runOnlyForDeploymentPostprocessing = 0;
		};
		0BCE90D92096F94D00205B1D /* Sources */ = {
			isa = PBXSourcesBuildPhase;
			buildActionMask = 2147483647;
			files = (
				0B25FAD12174963100258026 /* CCThemeManagerDemoTests.swift in Sources */,
			);
			runOnlyForDeploymentPostprocessing = 0;
		};
		0BCE90E42096F94D00205B1D /* Sources */ = {
			isa = PBXSourcesBuildPhase;
			buildActionMask = 2147483647;
			files = (
				0B25FAD22174963700258026 /* CCThemeManagerDemoUITests.swift in Sources */,
			);
			runOnlyForDeploymentPostprocessing = 0;
		};
/* End PBXSourcesBuildPhase section */

/* Begin PBXTargetDependency section */
		0BCE90DF2096F94D00205B1D /* PBXTargetDependency */ = {
			isa = PBXTargetDependency;
			target = 0BCE90C82096F94C00205B1D /* CCThemeManagerDemo */;
			targetProxy = 0BCE90DE2096F94D00205B1D /* PBXContainerItemProxy */;
		};
		0BCE90EA2096F94D00205B1D /* PBXTargetDependency */ = {
			isa = PBXTargetDependency;
			target = 0BCE90C82096F94C00205B1D /* CCThemeManagerDemo */;
			targetProxy = 0BCE90E92096F94D00205B1D /* PBXContainerItemProxy */;
		};
/* End PBXTargetDependency section */

/* Begin PBXVariantGroup section */
		0B800F1A21748AB400B01CF9 /* LaunchScreen.storyboard */ = {
			isa = PBXVariantGroup;
			children = (
				0B800F1B21748AB400B01CF9 /* Base */,
			);
			name = LaunchScreen.storyboard;
			sourceTree = "<group>";
		};
		0B800F1C21748AB400B01CF9 /* Main.storyboard */ = {
			isa = PBXVariantGroup;
			children = (
				0B800F1D21748AB400B01CF9 /* Base */,
			);
			name = Main.storyboard;
			sourceTree = "<group>";
		};
/* End PBXVariantGroup section */

/* Begin XCBuildConfiguration section */
		0BCE90EF2096F94D00205B1D /* Debug */ = {
			isa = XCBuildConfiguration;
			buildSettings = {
				ALWAYS_SEARCH_USER_PATHS = NO;
				CLANG_ANALYZER_NONNULL = YES;
				CLANG_ANALYZER_NUMBER_OBJECT_CONVERSION = YES_AGGRESSIVE;
				CLANG_CXX_LANGUAGE_STANDARD = "gnu++14";
				CLANG_CXX_LIBRARY = "libc++";
				CLANG_ENABLE_MODULES = YES;
				CLANG_ENABLE_OBJC_ARC = YES;
				CLANG_ENABLE_OBJC_WEAK = YES;
				CLANG_WARN_BLOCK_CAPTURE_AUTORELEASING = YES;
				CLANG_WARN_BOOL_CONVERSION = YES;
				CLANG_WARN_COMMA = YES;
				CLANG_WARN_CONSTANT_CONVERSION = YES;
				CLANG_WARN_DEPRECATED_OBJC_IMPLEMENTATIONS = YES;
				CLANG_WARN_DIRECT_OBJC_ISA_USAGE = YES_ERROR;
				CLANG_WARN_DOCUMENTATION_COMMENTS = YES;
				CLANG_WARN_EMPTY_BODY = YES;
				CLANG_WARN_ENUM_CONVERSION = YES;
				CLANG_WARN_INFINITE_RECURSION = YES;
				CLANG_WARN_INT_CONVERSION = YES;
				CLANG_WARN_NON_LITERAL_NULL_CONVERSION = YES;
				CLANG_WARN_OBJC_IMPLICIT_RETAIN_SELF = YES;
				CLANG_WARN_OBJC_LITERAL_CONVERSION = YES;
				CLANG_WARN_OBJC_ROOT_CLASS = YES_ERROR;
				CLANG_WARN_RANGE_LOOP_ANALYSIS = YES;
				CLANG_WARN_STRICT_PROTOTYPES = YES;
				CLANG_WARN_SUSPICIOUS_MOVE = YES;
				CLANG_WARN_UNGUARDED_AVAILABILITY = YES_AGGRESSIVE;
				CLANG_WARN_UNREACHABLE_CODE = YES;
				CLANG_WARN__DUPLICATE_METHOD_MATCH = YES;
				CODE_SIGN_IDENTITY = "iPhone Developer";
				COPY_PHASE_STRIP = NO;
				DEBUG_INFORMATION_FORMAT = dwarf;
				ENABLE_STRICT_OBJC_MSGSEND = YES;
				ENABLE_TESTABILITY = YES;
				GCC_C_LANGUAGE_STANDARD = gnu11;
				GCC_DYNAMIC_NO_PIC = NO;
				GCC_NO_COMMON_BLOCKS = YES;
				GCC_OPTIMIZATION_LEVEL = 0;
				GCC_PREPROCESSOR_DEFINITIONS = (
					"DEBUG=1",
					"$(inherited)",
				);
				GCC_WARN_64_TO_32_BIT_CONVERSION = YES;
				GCC_WARN_ABOUT_RETURN_TYPE = YES_ERROR;
				GCC_WARN_UNDECLARED_SELECTOR = YES;
				GCC_WARN_UNINITIALIZED_AUTOS = YES_AGGRESSIVE;
				GCC_WARN_UNUSED_FUNCTION = YES;
				GCC_WARN_UNUSED_VARIABLE = YES;
				IPHONEOS_DEPLOYMENT_TARGET = 11.3;
				MTL_ENABLE_DEBUG_INFO = YES;
				ONLY_ACTIVE_ARCH = YES;
				PRODUCT_NAME = "";
				SDKROOT = iphoneos;
				SWIFT_ACTIVE_COMPILATION_CONDITIONS = DEBUG;
				SWIFT_OPTIMIZATION_LEVEL = "-Onone";
			};
			name = Debug;
		};
		0BCE90F02096F94D00205B1D /* Release */ = {
			isa = XCBuildConfiguration;
			buildSettings = {
				ALWAYS_SEARCH_USER_PATHS = NO;
				CLANG_ANALYZER_NONNULL = YES;
				CLANG_ANALYZER_NUMBER_OBJECT_CONVERSION = YES_AGGRESSIVE;
				CLANG_CXX_LANGUAGE_STANDARD = "gnu++14";
				CLANG_CXX_LIBRARY = "libc++";
				CLANG_ENABLE_MODULES = YES;
				CLANG_ENABLE_OBJC_ARC = YES;
				CLANG_ENABLE_OBJC_WEAK = YES;
				CLANG_WARN_BLOCK_CAPTURE_AUTORELEASING = YES;
				CLANG_WARN_BOOL_CONVERSION = YES;
				CLANG_WARN_COMMA = YES;
				CLANG_WARN_CONSTANT_CONVERSION = YES;
				CLANG_WARN_DEPRECATED_OBJC_IMPLEMENTATIONS = YES;
				CLANG_WARN_DIRECT_OBJC_ISA_USAGE = YES_ERROR;
				CLANG_WARN_DOCUMENTATION_COMMENTS = YES;
				CLANG_WARN_EMPTY_BODY = YES;
				CLANG_WARN_ENUM_CONVERSION = YES;
				CLANG_WARN_INFINITE_RECURSION = YES;
				CLANG_WARN_INT_CONVERSION = YES;
				CLANG_WARN_NON_LITERAL_NULL_CONVERSION = YES;
				CLANG_WARN_OBJC_IMPLICIT_RETAIN_SELF = YES;
				CLANG_WARN_OBJC_LITERAL_CONVERSION = YES;
				CLANG_WARN_OBJC_ROOT_CLASS = YES_ERROR;
				CLANG_WARN_RANGE_LOOP_ANALYSIS = YES;
				CLANG_WARN_STRICT_PROTOTYPES = YES;
				CLANG_WARN_SUSPICIOUS_MOVE = YES;
				CLANG_WARN_UNGUARDED_AVAILABILITY = YES_AGGRESSIVE;
				CLANG_WARN_UNREACHABLE_CODE = YES;
				CLANG_WARN__DUPLICATE_METHOD_MATCH = YES;
				CODE_SIGN_IDENTITY = "iPhone Developer";
				COPY_PHASE_STRIP = NO;
				DEBUG_INFORMATION_FORMAT = "dwarf-with-dsym";
				ENABLE_NS_ASSERTIONS = NO;
				ENABLE_STRICT_OBJC_MSGSEND = YES;
				GCC_C_LANGUAGE_STANDARD = gnu11;
				GCC_NO_COMMON_BLOCKS = YES;
				GCC_WARN_64_TO_32_BIT_CONVERSION = YES;
				GCC_WARN_ABOUT_RETURN_TYPE = YES_ERROR;
				GCC_WARN_UNDECLARED_SELECTOR = YES;
				GCC_WARN_UNINITIALIZED_AUTOS = YES_AGGRESSIVE;
				GCC_WARN_UNUSED_FUNCTION = YES;
				GCC_WARN_UNUSED_VARIABLE = YES;
				IPHONEOS_DEPLOYMENT_TARGET = 11.3;
				MTL_ENABLE_DEBUG_INFO = NO;
				PRODUCT_NAME = "";
				SDKROOT = iphoneos;
				SWIFT_OPTIMIZATION_LEVEL = "-Owholemodule";
				VALIDATE_PRODUCT = YES;
			};
			name = Release;
		};
		0BCE90F22096F94D00205B1D /* Debug */ = {
			isa = XCBuildConfiguration;
			baseConfigurationReference = A63F611298434038D4BB8812 /* Pods-CCThemeManagerDemo.debug.xcconfig */;
			buildSettings = {
				ASSETCATALOG_COMPILER_APPICON_NAME = AppIcon;
				CODE_SIGN_STYLE = Automatic;
				DEVELOPMENT_TEAM = "";
				INFOPLIST_FILE = "$(SRCROOT)/CCThemeManagerDemo/Info.plist";
				LD_RUNPATH_SEARCH_PATHS = "$(inherited) @executable_path/Frameworks";
				PRODUCT_BUNDLE_IDENTIFIER = com.aoraki.info.CCThemeManagerDemo;
				PRODUCT_NAME = "$(TARGET_NAME)";
				SWIFT_VERSION = 4.2;
				TARGETED_DEVICE_FAMILY = "1,2";
			};
			name = Debug;
		};
		0BCE90F32096F94D00205B1D /* Release */ = {
			isa = XCBuildConfiguration;
			baseConfigurationReference = 4B495C80EFCB9714962A54E1 /* Pods-CCThemeManagerDemo.release.xcconfig */;
			buildSettings = {
				ASSETCATALOG_COMPILER_APPICON_NAME = AppIcon;
				CODE_SIGN_STYLE = Automatic;
				DEVELOPMENT_TEAM = "";
				INFOPLIST_FILE = "$(SRCROOT)/CCThemeManagerDemo/Info.plist";
				LD_RUNPATH_SEARCH_PATHS = "$(inherited) @executable_path/Frameworks";
				PRODUCT_BUNDLE_IDENTIFIER = com.aoraki.info.CCThemeManagerDemo;
				PRODUCT_NAME = "$(TARGET_NAME)";
				SWIFT_VERSION = 4.2;
				TARGETED_DEVICE_FAMILY = "1,2";
			};
			name = Release;
		};
		0BCE90F52096F94D00205B1D /* Debug */ = {
			isa = XCBuildConfiguration;
			buildSettings = {
				ALWAYS_EMBED_SWIFT_STANDARD_LIBRARIES = YES;
				BUNDLE_LOADER = "$(TEST_HOST)";
				CODE_SIGN_STYLE = Automatic;
				DEVELOPMENT_TEAM = 84R95CM6JF;
				INFOPLIST_FILE = SAPThemeManagerDemoTests/Info.plist;
				LD_RUNPATH_SEARCH_PATHS = "$(inherited) @executable_path/Frameworks @loader_path/Frameworks";
				PRODUCT_BUNDLE_IDENTIFIER = com.sapphire.info.SAPThemeManagerDemoTests;
				PRODUCT_NAME = "$(TARGET_NAME)";
				SWIFT_VERSION = 4.2;
				TARGETED_DEVICE_FAMILY = "1,2";
				TEST_HOST = "$(BUILT_PRODUCTS_DIR)/SAPThemeManagerDemo.app/SAPThemeManagerDemo";
			};
			name = Debug;
		};
		0BCE90F62096F94D00205B1D /* Release */ = {
			isa = XCBuildConfiguration;
			buildSettings = {
				ALWAYS_EMBED_SWIFT_STANDARD_LIBRARIES = YES;
				BUNDLE_LOADER = "$(TEST_HOST)";
				CODE_SIGN_STYLE = Automatic;
				DEVELOPMENT_TEAM = 84R95CM6JF;
				INFOPLIST_FILE = SAPThemeManagerDemoTests/Info.plist;
				LD_RUNPATH_SEARCH_PATHS = "$(inherited) @executable_path/Frameworks @loader_path/Frameworks";
				PRODUCT_BUNDLE_IDENTIFIER = com.sapphire.info.SAPThemeManagerDemoTests;
				PRODUCT_NAME = "$(TARGET_NAME)";
				SWIFT_VERSION = 4.2;
				TARGETED_DEVICE_FAMILY = "1,2";
				TEST_HOST = "$(BUILT_PRODUCTS_DIR)/SAPThemeManagerDemo.app/SAPThemeManagerDemo";
			};
			name = Release;
		};
		0BCE90F82096F94D00205B1D /* Debug */ = {
			isa = XCBuildConfiguration;
			buildSettings = {
				ALWAYS_EMBED_SWIFT_STANDARD_LIBRARIES = YES;
				CODE_SIGN_STYLE = Automatic;
				DEVELOPMENT_TEAM = 84R95CM6JF;
				INFOPLIST_FILE = SAPThemeManagerDemoUITests/Info.plist;
				LD_RUNPATH_SEARCH_PATHS = "$(inherited) @executable_path/Frameworks @loader_path/Frameworks";
				PRODUCT_BUNDLE_IDENTIFIER = com.sapphire.info.SAPThemeManagerDemoUITests;
				PRODUCT_NAME = "$(TARGET_NAME)";
				SWIFT_VERSION = 4.2;
				TARGETED_DEVICE_FAMILY = "1,2";
				TEST_TARGET_NAME = SAPThemeManagerDemo;
			};
			name = Debug;
		};
		0BCE90F92096F94D00205B1D /* Release */ = {
			isa = XCBuildConfiguration;
			buildSettings = {
				ALWAYS_EMBED_SWIFT_STANDARD_LIBRARIES = YES;
				CODE_SIGN_STYLE = Automatic;
				DEVELOPMENT_TEAM = 84R95CM6JF;
				INFOPLIST_FILE = SAPThemeManagerDemoUITests/Info.plist;
				LD_RUNPATH_SEARCH_PATHS = "$(inherited) @executable_path/Frameworks @loader_path/Frameworks";
				PRODUCT_BUNDLE_IDENTIFIER = com.sapphire.info.SAPThemeManagerDemoUITests;
				PRODUCT_NAME = "$(TARGET_NAME)";
				SWIFT_VERSION = 4.2;
				TARGETED_DEVICE_FAMILY = "1,2";
				TEST_TARGET_NAME = SAPThemeManagerDemo;
			};
			name = Release;
		};
/* End XCBuildConfiguration section */

/* Begin XCConfigurationList section */
		0BCE90C42096F94C00205B1D /* Build configuration list for PBXProject "CCThemeManagerDemo" */ = {
			isa = XCConfigurationList;
			buildConfigurations = (
				0BCE90EF2096F94D00205B1D /* Debug */,
				0BCE90F02096F94D00205B1D /* Release */,
			);
			defaultConfigurationIsVisible = 0;
			defaultConfigurationName = Release;
		};
		0BCE90F12096F94D00205B1D /* Build configuration list for PBXNativeTarget "CCThemeManagerDemo" */ = {
			isa = XCConfigurationList;
			buildConfigurations = (
				0BCE90F22096F94D00205B1D /* Debug */,
				0BCE90F32096F94D00205B1D /* Release */,
			);
			defaultConfigurationIsVisible = 0;
			defaultConfigurationName = Release;
		};
		0BCE90F42096F94D00205B1D /* Build configuration list for PBXNativeTarget "CCThemeManagerDemoTests" */ = {
			isa = XCConfigurationList;
			buildConfigurations = (
				0BCE90F52096F94D00205B1D /* Debug */,
				0BCE90F62096F94D00205B1D /* Release */,
			);
			defaultConfigurationIsVisible = 0;
			defaultConfigurationName = Release;
		};
		0BCE90F72096F94D00205B1D /* Build configuration list for PBXNativeTarget "CCThemeManagerDemoUITests" */ = {
			isa = XCConfigurationList;
			buildConfigurations = (
				0BCE90F82096F94D00205B1D /* Debug */,
				0BCE90F92096F94D00205B1D /* Release */,
			);
			defaultConfigurationIsVisible = 0;
			defaultConfigurationName = Release;
		};
/* End XCConfigurationList section */
	};
	rootObject = 0BCE90C12096F94C00205B1D /* Project object */;
}
